{
  "name": "wordforge-tools",
  "version": "1.0.0",
  "lockfileVersion": 3,
  "requires": true,
  "packages": {
    "": {
      "name": "wordforge-tools",
      "version": "1.0.0",
      "license": "ISC",
      "dependencies": {
        "dictionary-de": "^3.0.0",
        "dictionary-en": "^4.0.0",
        "dictionary-es": "^4.0.0",
        "dictionary-fr": "^3.0.0",
        "dictionary-it": "^2.0.0",
        "hunspell-reader": "^10.1.1",
        "lodash": "^4.18.1",
        "most-common-words-by-language": "^3.0.14"
      }
    },
    "node_modules/@cspell/cspell-pipe": {
      "version": "10.1.1",
      "license": "MIT",
      "engines": {
        "node": ">=22.18.0"
      }
    },
    "node_modules/@cspell/cspell-types": {
      "version": "10.1.1",
      "license": "MIT",
      "engines": {
        "node": ">=22.18.0"
      }
    },
    "node_modules/commander": {
      "version": "15.0.0",
      "license": "MIT",
      "engines": {
        "node": ">=22.12.0"
      }
    },
    "node_modules/dictionary-de": {
      "version": "3.0.0",
      "license": "(GPL-2.0 OR GPL-3.0)",
      "funding": {
        "type": "github",
        "url": "https://github.com/sponsors/wooorm"
      }
    },
    "node_modules/dictionary-en": {
      "version": "4.0.0",
      "license": "(MIT AND BSD)",
      "funding": {
        "type": "github",
        "url": "https://github.com/sponsors/wooorm"
      }
    },
    "node_modules/dictionary-es": {
      "version": "4.0.0",
      "license": "(GPL-3.0 OR LGPL-3.0 OR MPL-1.1)",
      "funding": {
        "type": "github",
        "url": "https://github.com/sponsors/wooorm"
      }
    },
    "node_modules/dictionary-fr": {
      "version": "3.0.0",
      "license": "MPL-2.0",
      "funding": {
        "type": "github",
        "url": "https://github.com/sponsors/wooorm"
      }
    },
    "node_modules/dictionary-it": {
      "version": "2.0.0",
      "license": "GPL-3.0",
      "funding": {
        "type": "github",
        "url": "https://github.com/sponsors/wooorm"
      }
    },
    "node_modules/gensequence": {
      "version": "8.0.8",
      "license": "MIT",
      "engines": {
        "node": ">=20"
      }
    },
    "node_modules/html-entities": {
      "version": "2.6.0",
      "funding": [
        {
          "type": "github",
          "url": "https://github.com/sponsors/mdevils"
        },
        {
          "type": "patreon",
          "url": "https://patreon.com/mdevils"
        }
      ],
      "license": "MIT"
    },
    "node_modules/hunspell-reader": {
      "version": "10.1.1",
      "license": "MIT",
      "dependencies": {
        "@cspell/cspell-pipe": "^10.1.1",
        "@cspell/cspell-types": "^10.1.1",
        "commander": "^15.0.0",
        "gensequence": "^8.0.8",
        "html-entities": "^2.6.0",
        "iconv-lite": "^0.7.3"
      },
      "bin": {
        "hunspell-reader": "bin.js"
      },
      "engines": {
        "node": ">=22.18.0"
      }
    },
    "node_modules/iconv-lite": {
      "version": "0.7.3",
      "license": "MIT",
      "dependencies": {
        "safer-buffer": ">= 2.1.2 < 3.0.0"
      },
      "engines": {
        "node": ">=0.10.0"
      },
      "funding": {
        "type": "opencollective",
        "url": "https://opencollective.com/express"
      }
    },
    "node_modules/lodash": {
      "version": "4.18.1",
      "resolved": "https://registry.npmjs.org/lodash/-/lodash-4.18.1.tgz",
      "integrity": "sha512-dMInicTPVE8d1e5otfwmmjlxkZoUpiVLwyeTdUsi/Caj/gfzzblBcCE5sRHV/AsjuCmxWrte2TNGSYuCeCq+0Q==",
      "license": "MIT"
    },
    "node_modules/most-common-words-by-language": {
      "version": "3.0.14",
      "license": "MIT"
    },
    "node_modules/safer-buffer": {
      "version": "2.1.2",
      "license": "MIT"
    }
  }
}
